
Microsoft Visual Studio Solution File, Format Version 12.00
# Visual Studio 15
VisualStudioVersion = 15.0.28307.106
MinimumVisualStudioVersion = 10.0.40219.1
Project("{FAE04EC0-301F-11D3-BF4B-00C04F79EFBC}") = "FocalPanel", "FocalPanel\FocalPanel.csproj", "{C5000242-15C4-4730-80B2-4FE7E93F5844}"
EndProject
Global
	GlobalSection(SolutionConfigurationPlatforms) = preSolution
		Debug|Any CPU = Debug|Any CPU
		Release|Any CPU = Release|Any CPU
	EndGlobalSection
	GlobalSection(ProjectConfigurationPlatforms) = postSolution
		{C5000242-15C4-4730-80B2-4FE7E93F5844}.Debug|Any CPU.ActiveCfg = Debug|Any CPU
		{C5000242-15C4-4730-80B2-4FE7E93F5844}.Debug|Any CPU.Build.0 = Debug|Any CPU
		{C5000242-15C4-4730-80B2-4FE7E93F5844}.Release|Any CPU.ActiveCfg = Release|Any CPU
		{C5000242-15C4-4730-80B2-4FE7E93F5844}.Release|Any CPU.Build.0 = Release|Any CPU
	EndGlobalSection
	GlobalSection(SolutionProperties) = preSolution
		HideSolutionNode = FALSE
	EndGlobalSection
	GlobalSection(ExtensibilityGlobals) = postSolution
		SolutionGuid = {343CF7BF-FB5D-45A3-B520-51F6FB2044E9}
	EndGlobalSection
EndGlobal
